{
  "name": "@agentics.org/sparc2",
  "version": "2.0.6",
  "lockfileVersion": 3,
  "requires": true,
  "packages": {
    "": {
      "name": "@agentics.org/sparc2",
      "version": "2.0.5",
      "license": "MIT",
      "bin": {
        "sparc": "build/cli/cli.js",
        "sparc2": "build/cli/cli.js"
      },
      "engines": {
        "deno": ">=1.30.0",
        "node": ">=16.0.0"
      }
    }
  }
}
