{
  "version": "4",
  "redirects": {
    "https://esm.sh/@supabase/functions-js@^2.0.0?target=denonext": "https://esm.sh/@supabase/functions-js@2.4.4?target=denonext",
    "https://esm.sh/@supabase/gotrue-js@^2.10.2?target=denonext": "https://esm.sh/@supabase/gotrue-js@2.68.0?target=denonext",
    "https://esm.sh/@supabase/node-fetch@^2.6.14?target=denonext": "https://esm.sh/@supabase/node-fetch@2.6.15?target=denonext",
    "https://esm.sh/@supabase/postgrest-js@^1.1.1?target=denonext": "https://esm.sh/@supabase/postgrest-js@1.19.2?target=denonext",
    "https://esm.sh/@supabase/realtime-js@^2.4.0?target=denonext": "https://esm.sh/@supabase/realtime-js@2.11.5?target=denonext",
    "https://esm.sh/@supabase/storage-js@^2.1.0?target=denonext": "https://esm.sh/@supabase/storage-js@2.7.1?target=denonext",
    "https://esm.sh/bufferutil@^4.0.1?target=denonext": "https://esm.sh/bufferutil@4.0.9?target=denonext",
    "https://esm.sh/node-gyp-build@^4.3.0?target=denonext": "https://esm.sh/node-gyp-build@4.8.4?target=denonext",
    "https://esm.sh/tr46@~0.0.3?target=denonext": "https://esm.sh/tr46@0.0.3?target=denonext",
    "https://esm.sh/utf-8-validate@%3E=5.0.2?target=denonext": "https://esm.sh/utf-8-validate@6.0.5?target=denonext",
    "https://esm.sh/webidl-conversions@^3.0.0?target=denonext": "https://esm.sh/webidl-conversions@3.0.1?target=denonext",
    "https://esm.sh/whatwg-url@^5.0.0?target=denonext": "https://esm.sh/whatwg-url@5.0.0?target=denonext",
    "https://esm.sh/ws@^8.18.0?target=denonext": "https://esm.sh/ws@8.18.1?target=denonext"
  },
  "remote": {
    "https://deno.land/std@0.168.0/async/abortable.ts": "80b2ac399f142cc528f95a037a7d0e653296352d95c681e284533765961de409",
    "https://deno.land/std@0.168.0/async/deadline.ts": "2c2deb53c7c28ca1dda7a3ad81e70508b1ebc25db52559de6b8636c9278fd41f",
    "https://deno.land/std@0.168.0/async/debounce.ts": "60301ffb37e730cd2d6f9dadfd0ecb2a38857681bd7aaf6b0a106b06e5210a98",
    "https://deno.land/std@0.168.0/async/deferred.ts": "77d3f84255c3627f1cc88699d8472b664d7635990d5358c4351623e098e917d6",
    "https://deno.land/std@0.168.0/async/delay.ts": "5a9bfba8de38840308a7a33786a0155a7f6c1f7a859558ddcec5fe06e16daf57",
    "https://deno.land/std@0.168.0/async/mod.ts": "7809ad4bb223e40f5fdc043e5c7ca04e0e25eed35c32c3c32e28697c553fa6d9",
    "https://deno.land/std@0.168.0/async/mux_async_iterator.ts": "770a0ff26c59f8bbbda6b703a2235f04e379f73238e8d66a087edc68c2a2c35f",
    "https://deno.land/std@0.168.0/async/pool.ts": "6854d8cd675a74c73391c82005cbbe4cc58183bddcd1fbbd7c2bcda42b61cf69",
    "https://deno.land/std@0.168.0/async/retry.ts": "e8e5173623915bbc0ddc537698fa418cf875456c347eda1ed453528645b42e67",
    "https://deno.land/std@0.168.0/async/tee.ts": "3a47cc4e9a940904fd4341f0224907e199121c80b831faa5ec2b054c6d2eff5e",
    "https://deno.land/std@0.168.0/http/server.ts": "e99c1bee8a3f6571ee4cdeb2966efad465b8f6fe62bec1bdb59c1f007cc4d155",
    "https://esm.sh/@supabase/functions-js@2.4.4/denonext/functions-js.mjs": "7adeb257410ef3c4a8a1eb9b4ff416c0075d1c32860ca04913c8a9dace1de6a6",
    "https://esm.sh/@supabase/functions-js@2.4.4?target=denonext": "e2476c61b8afb50cd0987ff03900f48daa646706d6bad319c347e38870b9e72b",
    "https://esm.sh/@supabase/gotrue-js@2.68.0/denonext/gotrue-js.mjs": "dac979833c2982eb59bbc1ddd1c156bab98ec5edcade563888a48532bb4c7b9a",
    "https://esm.sh/@supabase/gotrue-js@2.68.0?target=denonext": "fe6fd72b371668f353fb32b58d2beb2de724da56b9ff0c0daa48a95bcab3949c",
    "https://esm.sh/@supabase/node-fetch@2.6.15/denonext/node-fetch.mjs": "0bae9052231f4f6dbccc7234d05ea96923dbf967be12f402764580b6bf9f713d",
    "https://esm.sh/@supabase/node-fetch@2.6.15?target=denonext": "4d28c4ad97328403184353f68434f2b6973971507919e9150297413664919cf3",
    "https://esm.sh/@supabase/postgrest-js@1.19.2/denonext/postgrest-js.mjs": "d0a1bb70df26f658c9129401b4677510e359f66646f45bb98adfeb14c2b58560",
    "https://esm.sh/@supabase/postgrest-js@1.19.2?target=denonext": "bf6b605fd7a122dc5a5d3e4b4d987c65a3c3a27ab9f72112acbaf55fa6f8017d",
    "https://esm.sh/@supabase/realtime-js@2.11.5/denonext/realtime-js.mjs": "dfca056506ae3b17d149e2313ef92848eaf109951438047b8226b43dd4da1d5e",
    "https://esm.sh/@supabase/realtime-js@2.11.5?target=denonext": "276ba342c8133481e0ef2e5cc4d927bd162f4d17eb3c01b75cc940ef286f46d6",
    "https://esm.sh/@supabase/storage-js@2.7.1/denonext/storage-js.mjs": "73ac8cdc95cfcd794fe603dbd7ce06d539ab51538ae6467eabe0f9cc26c993aa",
    "https://esm.sh/@supabase/storage-js@2.7.1?target=denonext": "be9c38ac884f143a046f9fdecdf98bbeeb2dbe1ba06469a9fa991b42bfbe7d46",
    "https://esm.sh/@supabase/supabase-js@2.7.1": "be4ce96f1e7e5c9fc4b2b77a7feb75ac03796dd2c6988e99b229c0cefc28309b",
    "https://esm.sh/@supabase/supabase-js@2.7.1/denonext/supabase-js.mjs": "3339ff35cdcd52e7aa78a27067b632de460cb17a7e1853d8380544ba1548d04b",
    "https://esm.sh/bufferutil@4.0.9/denonext/bufferutil.mjs": "13dca4d5bb2c68cbe119f880fa3bd785b9a81a8e02e0834dae604b4b85295cd8",
    "https://esm.sh/bufferutil@4.0.9?target=denonext": "e32574569ab438facfcc3f412c659b0719bbf05477136ca176938c9a3ac45125",
    "https://esm.sh/node-gyp-build@4.8.4/denonext/node-gyp-build.mjs": "9a86f2d044fc77bd60aaa3d697c2ba1b818da5fb1b9aaeedec59a40b8e908803",
    "https://esm.sh/node-gyp-build@4.8.4?target=denonext": "261a6cedf1fdbf159798141ba1e2311ac1510682c5c8b55dacc8cf5fdee4aa06",
    "https://esm.sh/openai@4.20.1": "d7ffb538e7b1d1bf13e10923f0156a75e244d11fdaa8e2e636a6f9166f5944b7",
    "https://esm.sh/openai@4.20.1/denonext/_shims/MultipartBody.mjs": "f453ad607164b5ab5a15072f8960834e297cae6ae3f1612b4c3466adfc81adf6",
    "https://esm.sh/openai@4.20.1/denonext/_shims/auto/runtime.mjs": "144e9eb05c7ea4c60beef4096cfbb55fe3c01ab506831d2e79f7d5f5c53c1de2",
    "https://esm.sh/openai@4.20.1/denonext/_shims/index.mjs": "0c5cb62379b8d16d9bcd12c47fb0686cd42a5cab3a3d0f196b2c10274ddeb33b",
    "https://esm.sh/openai@4.20.1/denonext/_shims/registry.mjs": "7188c5318cb1de0da3debf6f9d3283dc80e5aba15be07b6986f66b2088cd97ef",
    "https://esm.sh/openai@4.20.1/denonext/_shims/web-runtime.mjs": "5c6f924db57016033570b9a255ba25c29abedeec2edfcdbaf228174015f8b044",
    "https://esm.sh/openai@4.20.1/denonext/core.mjs": "4b5989c5970ebec7a2eae0542df6c4766361cb5c9c28a3b2bd57eef5e55000e1",
    "https://esm.sh/openai@4.20.1/denonext/error.mjs": "dd45515167109590fbd03ff87a424b1a573f4c567eb73c2094e1d026baf133fb",
    "https://esm.sh/openai@4.20.1/denonext/lib/AbstractChatCompletionRunner.mjs": "3b9ac3595a803a8e830aa2d9b1b1c5d86d4fc9f0c68cc7ca4d8085181c5659b1",
    "https://esm.sh/openai@4.20.1/denonext/lib/ChatCompletionRunner.mjs": "a90b836e6bbbc2ef4544d30477b19b15c646d84db5b6dfb6e0c9d3cdedbfd915",
    "https://esm.sh/openai@4.20.1/denonext/lib/ChatCompletionStream.mjs": "8fbd97dd6e3164316704bb23f487c9302f493a6c42bc8eb3309b813b700dd153",
    "https://esm.sh/openai@4.20.1/denonext/lib/ChatCompletionStreamingRunner.mjs": "5d359acfa9d1cee8779ccd6b432375caa60a95147b289607ba0a2459cad7ab4b",
    "https://esm.sh/openai@4.20.1/denonext/lib/RunnableFunction.mjs": "042515203ba11c702eb1884cb38952d2ad685b73a2b343616c896804d5fcaeac",
    "https://esm.sh/openai@4.20.1/denonext/lib/chatCompletionUtils.mjs": "643fefd57765dc8428ec24a56293ac39a86fa7322fdb06ba50c1f2b4fbc99f17",
    "https://esm.sh/openai@4.20.1/denonext/openai.mjs": "19e4cbe7bcad18ef88eb30f347edbb516ba069b5c4c5855b67fbaf11e86c8a11",
    "https://esm.sh/openai@4.20.1/denonext/pagination.mjs": "7a7d31c92947bc3dfa416714f93ab4adcf585bb78b588c0c30dcdae657f24550",
    "https://esm.sh/openai@4.20.1/denonext/resource.mjs": "28fc522d44f8c1752d395b5a64663b72dbf3b9f6af6d21cc5772ac986b061cc4",
    "https://esm.sh/openai@4.20.1/denonext/resources/audio/audio.mjs": "18eb450b91821e8ba56f71504df885ea17e07c74bb23897b1c2d47b848691606",
    "https://esm.sh/openai@4.20.1/denonext/resources/audio/speech.mjs": "a9dd0811243c73bcefdabe7823662c49655acb624d3b6c28c1239a651c836f7b",
    "https://esm.sh/openai@4.20.1/denonext/resources/audio/transcriptions.mjs": "b738076401327697da7d3197f4d536a7666b34e313de794cfa633b6ae0d21adf",
    "https://esm.sh/openai@4.20.1/denonext/resources/audio/translations.mjs": "be89610752e73162e68bdefcc2aba7917a426301fba584c1ba36fc1b65f104fb",
    "https://esm.sh/openai@4.20.1/denonext/resources/beta/assistants/assistants.mjs": "be54d50739623177546c1a078bdd795e44c2c5f79492c1305ab46def3a50ac6c",
    "https://esm.sh/openai@4.20.1/denonext/resources/beta/assistants/files.mjs": "428979a33b51370913a0d1459c5a32a80b77d0e1529ff0d4e0276b0dcc08e797",
    "https://esm.sh/openai@4.20.1/denonext/resources/beta/beta.mjs": "f83777248f29c0e9db8ccabd93d29d8edf8cec391ebb581663aeed0a862cd9aa",
    "https://esm.sh/openai@4.20.1/denonext/resources/beta/chat/chat.mjs": "8885eca099cc9d8c6e0bd98d565360139255d194f7553295e25ccb5b8193c379",
    "https://esm.sh/openai@4.20.1/denonext/resources/beta/chat/completions.mjs": "e120be0cc539570e45ba5e4f8f78c63131c4bff812ddcb5662ba84a2b8b97454",
    "https://esm.sh/openai@4.20.1/denonext/resources/beta/threads/messages/files.mjs": "1c67cc98c6b2c09c276ffc9d4cb4780707899e55dc13464dced230701ad5f67b",
    "https://esm.sh/openai@4.20.1/denonext/resources/beta/threads/messages/messages.mjs": "4226982d11bea15090702e11e90e3d72b59d4d6f4a7d494622ea469ffb9ae0aa",
    "https://esm.sh/openai@4.20.1/denonext/resources/beta/threads/runs/runs.mjs": "0d92343cc4e125c14c8e1678b7d7031738c6c5a3812d80742e9bd725db3d341e",
    "https://esm.sh/openai@4.20.1/denonext/resources/beta/threads/runs/steps.mjs": "d939129fc6bee21bb62fb3d3eaa6ee759507fbfc65fe021380377aa1ccc16e6c",
    "https://esm.sh/openai@4.20.1/denonext/resources/beta/threads/threads.mjs": "47a03883203bc7b16bf5d31e4b53c8a176143d9055ba4dd3e0fa7f5111ce6672",
    "https://esm.sh/openai@4.20.1/denonext/resources/chat/chat.mjs": "7ba0f1a1785d795ef0e38d58860067b890946337ae14af36aaf27feae1ba776f",
    "https://esm.sh/openai@4.20.1/denonext/resources/chat/completions.mjs": "d3c6438cb119f5446a0f69f16e9ef433826fed5e516e61169ab16deaed607fd4",
    "https://esm.sh/openai@4.20.1/denonext/resources/chat/index.mjs": "300c680be3aa38829e539af88abd4e359b6089050a6b1dc9b8edcc32b8f7fd96",
    "https://esm.sh/openai@4.20.1/denonext/resources/completions.mjs": "3f325ced4e8e203c62a68dd297abb65d6c20c2e5087bb2c243305ad2827d5ff3",
    "https://esm.sh/openai@4.20.1/denonext/resources/edits.mjs": "29c1bfe49f5d457a9d395bfbebfe0f64b3f00b878d73ce4a19c7bda034cf6b5d",
    "https://esm.sh/openai@4.20.1/denonext/resources/embeddings.mjs": "87512a4e4081f4a7926b9997272b4bc370c078b72674cb702da2efdf1f015717",
    "https://esm.sh/openai@4.20.1/denonext/resources/files.mjs": "d5e9b2845a8aaf808b412288243732e09a786c98b0e92e78daa21b225c5b878c",
    "https://esm.sh/openai@4.20.1/denonext/resources/fine-tunes.mjs": "673a8a9415a89483bbde44358f16aa07abe9ccf37f1325adfd050504db7ce794",
    "https://esm.sh/openai@4.20.1/denonext/resources/fine-tuning/fine-tuning.mjs": "2e147411ccdb3446245e511cba1d735ee6cb96f9a03d93d7d3c5916cd013ffb6",
    "https://esm.sh/openai@4.20.1/denonext/resources/fine-tuning/jobs.mjs": "94716353481c89952cd13ca5185bea7716a72c497e676cb290aefb4560e594c6",
    "https://esm.sh/openai@4.20.1/denonext/resources/images.mjs": "05ef532a72f66879c130ab8fcebc65c08640dd19ab28e5900d430ff918b0a131",
    "https://esm.sh/openai@4.20.1/denonext/resources/index.mjs": "134f49ad8c190fd9cb23bb920792aba8eeab800444adf539be677065e2eb128a",
    "https://esm.sh/openai@4.20.1/denonext/resources/models.mjs": "1fb44c316e498a69781c90518fed59f7be6c3fdb646a71ca64408f13d0e0aa96",
    "https://esm.sh/openai@4.20.1/denonext/resources/moderations.mjs": "cef530c63bfa40ff88c9db4b1e2d508143f380e63c880960e243121aec2fe5e8",
    "https://esm.sh/openai@4.20.1/denonext/resources/shared.mjs": "33fc455cdf7d2ba2d777b0495aa9aab00aaaf6ea993d256d50515360095ded1b",
    "https://esm.sh/openai@4.20.1/denonext/streaming.mjs": "cc98a172598258cb2af96957df4b1536b724018ffd7dd2c5d0a8fb8971151ef9",
    "https://esm.sh/openai@4.20.1/denonext/uploads.mjs": "2f26dbe35d418f8cdb55ab72bc46c12015c2f6b1d95499bc4c54e459aa8d41df",
    "https://esm.sh/openai@4.20.1/denonext/version.mjs": "327f2037a33b804b1805a5a50cc6711e43643b17b80f68fc7ba063f70d406a23",
    "https://esm.sh/tr46@0.0.3/denonext/tr46.mjs": "5753ec0a99414f4055f0c1f97691100f13d88e48a8443b00aebb90a512785fa2",
    "https://esm.sh/tr46@0.0.3?target=denonext": "19cb9be0f0d418a0c3abb81f2df31f080e9540a04e43b0f699bce1149cba0cbb",
    "https://esm.sh/utf-8-validate@6.0.5/denonext/utf-8-validate.mjs": "66b8ea532a0c745068f5b96ddb1bae332c3036703243541d2e89e66331974d98",
    "https://esm.sh/utf-8-validate@6.0.5?target=denonext": "071bc33ba1a58297e23a34d69dd589fd06df04b0f373b382ff5da544a623f271",
    "https://esm.sh/webidl-conversions@3.0.1/denonext/webidl-conversions.mjs": "54b5c2d50a294853c4ccebf9d5ed8988c94f4e24e463d84ec859a866ea5fafec",
    "https://esm.sh/webidl-conversions@3.0.1?target=denonext": "4e20318d50528084616c79d7b3f6e7f0fe7b6d09013bd01b3974d7448d767e29",
    "https://esm.sh/whatwg-url@5.0.0/denonext/whatwg-url.mjs": "29b16d74ee72624c915745bbd25b617cfd2248c6af0f5120d131e232a9a9af79",
    "https://esm.sh/whatwg-url@5.0.0?target=denonext": "f001a2cadf81312d214ca330033f474e74d81a003e21e8c5d70a1f46dc97b02d",
    "https://esm.sh/ws@8.18.1/denonext/ws.mjs": "732cae76ba0acb311a561003d2f7ef569293cb9159d67dd800ab346b84f80432",
    "https://esm.sh/ws@8.18.1?target=denonext": "e99b670fc49b38e15a7576ddcd5bb01e123fe9b3a017db7f97898127811b4e27"
  }
}
